
Microsoft Visual Studio Solution File, Format Version 12.00
# Visual Studio Version 16
VisualStudioVersion = 16.0.36602.28
MinimumVisualStudioVersion = 10.0.40219.1
Project("{FAE04EC0-301F-11D3-BF4B-00C04F79EFBC}") = "project1_ridho", "project1_zavier\project1_ridho.csproj", "{30E9BC3F-F791-43A2-A319-C233B4CD2222}"
EndProject
Global
	GlobalSection(SolutionConfigurationPlatforms) = preSolution
		Debug|Any CPU = Debug|Any CPU
		Release|Any CPU = Release|Any CPU
	EndGlobalSection
	GlobalSection(ProjectConfigurationPlatforms) = postSolution
		{30E9BC3F-F791-43A2-A319-C233B4CD2222}.Debug|Any CPU.ActiveCfg = Debug|Any CPU
		{30E9BC3F-F791-43A2-A319-C233B4CD2222}.Debug|Any CPU.Build.0 = Debug|Any CPU
		{30E9BC3F-F791-43A2-A319-C233B4CD2222}.Release|Any CPU.ActiveCfg = Release|Any CPU
		{30E9BC3F-F791-43A2-A319-C233B4CD2222}.Release|Any CPU.Build.0 = Release|Any CPU
	EndGlobalSection
	GlobalSection(SolutionProperties) = preSolution
		HideSolutionNode = FALSE
	EndGlobalSection
	GlobalSection(ExtensibilityGlobals) = postSolution
		SolutionGuid = {F51CB792-4F95-4A0B-A98E-72E6B0F7DB6F}
	EndGlobalSection
EndGlobal
